# Generated by buf. DO NOT EDIT.
version: v2
deps:
  - name: buf.build/bufbuild/protovalidate
    commit: 63bb56e204954558946a641ef0d68910
    digest: b5:ec5661b2855484eca2043fe61d27eb22673ab926ccd0e849531752eb17b08402fae1382705cee7f7b42d4d9ec56aff72bba7ec6835902cf6f86323c9ac682d16
  - name: buf.build/googleapis/googleapis
    commit: e93e34f48be043dab55be31b4b47f458
    digest: b5:cebe5dfac5f7d67c55296f37ad9d368dba8d9862777e69d5d99eb1d72dc95fa68cd6323b483ca42cf70e66060002c1bc36e1f5f754b217a5c771c108eb243dbf
